
Microsoft Visual Studio Solution File, Format Version 12.00
# Visual Studio Version 17
VisualStudioVersion = 17.4.33213.308
MinimumVisualStudioVersion = 10.0.40219.1
Project("{FAE04EC0-301F-11D3-BF4B-00C04F79EFBC}") = "products.api", "products-api\products.api.csproj", "{ED2425BC-A9B1-4881-ACFA-FFFE739D161D}"
EndProject
Project("{FAE04EC0-301F-11D3-BF4B-00C04F79EFBC}") = "products.database", "products-database\products.database.csproj", "{D4BABA88-4C79-430D-9518-15128ADCE9A5}"
EndProject
Project("{FAE04EC0-301F-11D3-BF4B-00C04F79EFBC}") = "products.models", "products-api-models\products.models.csproj", "{180528F9-1789-4DC2-ACEB-DA39F1DFC32C}"
EndProject
Project("{FAE04EC0-301F-11D3-BF4B-00C04F79EFBC}") = "products.core", "products.core\products.core.csproj", "{ADED0A01-24BF-4BC4-BC0D-1724D8976779}"
EndProject
Global
	GlobalSection(SolutionConfigurationPlatforms) = preSolution
		Debug|Any CPU = Debug|Any CPU
		Release|Any CPU = Release|Any CPU
	EndGlobalSection
	GlobalSection(ProjectConfigurationPlatforms) = postSolution
		{ED2425BC-A9B1-4881-ACFA-FFFE739D161D}.Debug|Any CPU.ActiveCfg = Debug|Any CPU
		{ED2425BC-A9B1-4881-ACFA-FFFE739D161D}.Debug|Any CPU.Build.0 = Debug|Any CPU
		{ED2425BC-A9B1-4881-ACFA-FFFE739D161D}.Release|Any CPU.ActiveCfg = Release|Any CPU
		{ED2425BC-A9B1-4881-ACFA-FFFE739D161D}.Release|Any CPU.Build.0 = Release|Any CPU
		{D4BABA88-4C79-430D-9518-15128ADCE9A5}.Debug|Any CPU.ActiveCfg = Debug|Any CPU
		{D4BABA88-4C79-430D-9518-15128ADCE9A5}.Debug|Any CPU.Build.0 = Debug|Any CPU
		{D4BABA88-4C79-430D-9518-15128ADCE9A5}.Release|Any CPU.ActiveCfg = Release|Any CPU
		{D4BABA88-4C79-430D-9518-15128ADCE9A5}.Release|Any CPU.Build.0 = Release|Any CPU
		{180528F9-1789-4DC2-ACEB-DA39F1DFC32C}.Debug|Any CPU.ActiveCfg = Debug|Any CPU
		{180528F9-1789-4DC2-ACEB-DA39F1DFC32C}.Debug|Any CPU.Build.0 = Debug|Any CPU
		{180528F9-1789-4DC2-ACEB-DA39F1DFC32C}.Release|Any CPU.ActiveCfg = Release|Any CPU
		{180528F9-1789-4DC2-ACEB-DA39F1DFC32C}.Release|Any CPU.Build.0 = Release|Any CPU
		{ADED0A01-24BF-4BC4-BC0D-1724D8976779}.Debug|Any CPU.ActiveCfg = Debug|Any CPU
		{ADED0A01-24BF-4BC4-BC0D-1724D8976779}.Debug|Any CPU.Build.0 = Debug|Any CPU
		{ADED0A01-24BF-4BC4-BC0D-1724D8976779}.Release|Any CPU.ActiveCfg = Release|Any CPU
		{ADED0A01-24BF-4BC4-BC0D-1724D8976779}.Release|Any CPU.Build.0 = Release|Any CPU
	EndGlobalSection
	GlobalSection(SolutionProperties) = preSolution
		HideSolutionNode = FALSE
	EndGlobalSection
	GlobalSection(ExtensibilityGlobals) = postSolution
		SolutionGuid = {9B388DD8-AAD5-4603-A618-319C26D515E8}
	EndGlobalSection
EndGlobal
